{
  "name": "advanced-sample",
  "lockfileVersion": 3,
  "requires": true,
  "packages": {
    "": {
      "dependencies": {
        "@zoom/appssdk": "^0.16.22"
      }
    },
    "node_modules/@zoom/appssdk": {
      "version": "0.16.22",
      "resolved": "https://registry.npmjs.org/@zoom/appssdk/-/appssdk-0.16.22.tgz",
      "integrity": "sha512-p/0rqqyawd7jFrDkxC+wjqXre6CeKGPUroGupHWqS/7SnEAzLHa1OxPqlr12IMRp3DYhANYLImnxEHXJLCcV7g==",
      "license": "MIT"
    }
  }
}
